
Microsoft Visual Studio Solution File, Format Version 12.00
# Visual Studio Version 17
VisualStudioVersion = 17.14.36127.28 d17.14
MinimumVisualStudioVersion = 10.0.40219.1
Project("{FAE04EC0-301F-11D3-BF4B-00C04F79EFBC}") = "RaftLabs.API", "RaftLabs.API.csproj", "{EBB595BB-05BE-4AB2-BF08-2B09B144A381}"
EndProject
Project("{2150E333-8FDC-42A3-9474-1A3956D46DE8}") = "Src", "Src", "{02EA681E-C7D8-13C7-8484-4AC65E1B71E8}"
EndProject
Project("{2150E333-8FDC-42A3-9474-1A3956D46DE8}") = "WebUI", "WebUI", "{F0FDC885-D506-487F-8E6B-DFA22F87E826}"
EndProject
Project("{2150E333-8FDC-42A3-9474-1A3956D46DE8}") = "Services", "Services", "{87039F27-0DB3-46F9-9760-C0C97E5D4819}"
EndProject
Project("{2150E333-8FDC-42A3-9474-1A3956D46DE8}") = "Application", "Application", "{81727BB3-9116-4623-B596-A954DCA7EF1F}"
EndProject
Project("{FAE04EC0-301F-11D3-BF4B-00C04F79EFBC}") = "RaftLabs.Application", "..\RaftLabs.Application\RaftLabs.Application.csproj", "{513FA748-5537-4115-9F45-483CDD259F3B}"
EndProject
Project("{2150E333-8FDC-42A3-9474-1A3956D46DE8}") = "Infrastructure", "Infrastructure", "{21F3E828-EF97-4ACB-B1BF-1CAB2452D80C}"
EndProject
Project("{2150E333-8FDC-42A3-9474-1A3956D46DE8}") = "Proxy", "Proxy", "{94DE8FE4-2815-4211-B779-88E348B655BC}"
EndProject
Project("{FAE04EC0-301F-11D3-BF4B-00C04F79EFBC}") = "Proxy.Services", "..\Proxy.Services\Proxy.Services.csproj", "{3A94444D-3EF9-4D96-83CF-A801E48C7842}"
EndProject
Project("{FAE04EC0-301F-11D3-BF4B-00C04F79EFBC}") = "Proxy.Services.Objects", "..\Proxy.Services.Objects\Proxy.Services.Objects.csproj", "{BC50C14F-B765-4301-B8E5-FA721D71ADA4}"
EndProject
Project("{2150E333-8FDC-42A3-9474-1A3956D46DE8}") = "Shared", "Shared", "{851459AF-2F12-4A35-9420-B2D52FB7D04B}"
EndProject
Project("{FAE04EC0-301F-11D3-BF4B-00C04F79EFBC}") = "Shared.Common", "..\Shared.Common\Shared.Common.csproj", "{A1300297-48AA-45B8-A931-6868B24F9FE1}"
EndProject
Global
	GlobalSection(SolutionConfigurationPlatforms) = preSolution
		Debug|Any CPU = Debug|Any CPU
		Release|Any CPU = Release|Any CPU
	EndGlobalSection
	GlobalSection(ProjectConfigurationPlatforms) = postSolution
		{EBB595BB-05BE-4AB2-BF08-2B09B144A381}.Debug|Any CPU.ActiveCfg = Debug|Any CPU
		{EBB595BB-05BE-4AB2-BF08-2B09B144A381}.Debug|Any CPU.Build.0 = Debug|Any CPU
		{EBB595BB-05BE-4AB2-BF08-2B09B144A381}.Release|Any CPU.ActiveCfg = Release|Any CPU
		{EBB595BB-05BE-4AB2-BF08-2B09B144A381}.Release|Any CPU.Build.0 = Release|Any CPU
		{513FA748-5537-4115-9F45-483CDD259F3B}.Debug|Any CPU.ActiveCfg = Debug|Any CPU
		{513FA748-5537-4115-9F45-483CDD259F3B}.Debug|Any CPU.Build.0 = Debug|Any CPU
		{513FA748-5537-4115-9F45-483CDD259F3B}.Release|Any CPU.ActiveCfg = Release|Any CPU
		{513FA748-5537-4115-9F45-483CDD259F3B}.Release|Any CPU.Build.0 = Release|Any CPU
		{3A94444D-3EF9-4D96-83CF-A801E48C7842}.Debug|Any CPU.ActiveCfg = Debug|Any CPU
		{3A94444D-3EF9-4D96-83CF-A801E48C7842}.Debug|Any CPU.Build.0 = Debug|Any CPU
		{3A94444D-3EF9-4D96-83CF-A801E48C7842}.Release|Any CPU.ActiveCfg = Release|Any CPU
		{3A94444D-3EF9-4D96-83CF-A801E48C7842}.Release|Any CPU.Build.0 = Release|Any CPU
		{BC50C14F-B765-4301-B8E5-FA721D71ADA4}.Debug|Any CPU.ActiveCfg = Debug|Any CPU
		{BC50C14F-B765-4301-B8E5-FA721D71ADA4}.Debug|Any CPU.Build.0 = Debug|Any CPU
		{BC50C14F-B765-4301-B8E5-FA721D71ADA4}.Release|Any CPU.ActiveCfg = Release|Any CPU
		{BC50C14F-B765-4301-B8E5-FA721D71ADA4}.Release|Any CPU.Build.0 = Release|Any CPU
		{A1300297-48AA-45B8-A931-6868B24F9FE1}.Debug|Any CPU.ActiveCfg = Debug|Any CPU
		{A1300297-48AA-45B8-A931-6868B24F9FE1}.Debug|Any CPU.Build.0 = Debug|Any CPU
		{A1300297-48AA-45B8-A931-6868B24F9FE1}.Release|Any CPU.ActiveCfg = Release|Any CPU
		{A1300297-48AA-45B8-A931-6868B24F9FE1}.Release|Any CPU.Build.0 = Release|Any CPU
	EndGlobalSection
	GlobalSection(SolutionProperties) = preSolution
		HideSolutionNode = FALSE
	EndGlobalSection
	GlobalSection(NestedProjects) = preSolution
		{EBB595BB-05BE-4AB2-BF08-2B09B144A381} = {87039F27-0DB3-46F9-9760-C0C97E5D4819}
		{F0FDC885-D506-487F-8E6B-DFA22F87E826} = {02EA681E-C7D8-13C7-8484-4AC65E1B71E8}
		{87039F27-0DB3-46F9-9760-C0C97E5D4819} = {F0FDC885-D506-487F-8E6B-DFA22F87E826}
		{81727BB3-9116-4623-B596-A954DCA7EF1F} = {02EA681E-C7D8-13C7-8484-4AC65E1B71E8}
		{513FA748-5537-4115-9F45-483CDD259F3B} = {81727BB3-9116-4623-B596-A954DCA7EF1F}
		{21F3E828-EF97-4ACB-B1BF-1CAB2452D80C} = {02EA681E-C7D8-13C7-8484-4AC65E1B71E8}
		{94DE8FE4-2815-4211-B779-88E348B655BC} = {21F3E828-EF97-4ACB-B1BF-1CAB2452D80C}
		{3A94444D-3EF9-4D96-83CF-A801E48C7842} = {94DE8FE4-2815-4211-B779-88E348B655BC}
		{BC50C14F-B765-4301-B8E5-FA721D71ADA4} = {94DE8FE4-2815-4211-B779-88E348B655BC}
		{851459AF-2F12-4A35-9420-B2D52FB7D04B} = {02EA681E-C7D8-13C7-8484-4AC65E1B71E8}
		{A1300297-48AA-45B8-A931-6868B24F9FE1} = {851459AF-2F12-4A35-9420-B2D52FB7D04B}
	EndGlobalSection
	GlobalSection(ExtensibilityGlobals) = postSolution
		SolutionGuid = {85AAAB19-CF47-4235-B461-44E30A7B34F8}
	EndGlobalSection
EndGlobal
